
Microsoft Visual Studio Solution File, Format Version 12.00
# Visual Studio 15
VisualStudioVersion = 15.0.28307.572
MinimumVisualStudioVersion = 10.0.40219.1
Project("{FAE04EC0-301F-11D3-BF4B-00C04F79EFBC}") = "WeatherWPF", "WeatherWPF\WeatherWPF.csproj", "{61447618-B617-42CD-B1F2-6121DE6A9B59}"
EndProject
Global
	GlobalSection(SolutionConfigurationPlatforms) = preSolution
		Debug|Any CPU = Debug|Any CPU
		Release|Any CPU = Release|Any CPU
	EndGlobalSection
	GlobalSection(ProjectConfigurationPlatforms) = postSolution
		{61447618-B617-42CD-B1F2-6121DE6A9B59}.Debug|Any CPU.ActiveCfg = Debug|Any CPU
		{61447618-B617-42CD-B1F2-6121DE6A9B59}.Debug|Any CPU.Build.0 = Debug|Any CPU
		{61447618-B617-42CD-B1F2-6121DE6A9B59}.Release|Any CPU.ActiveCfg = Release|Any CPU
		{61447618-B617-42CD-B1F2-6121DE6A9B59}.Release|Any CPU.Build.0 = Release|Any CPU
	EndGlobalSection
	GlobalSection(SolutionProperties) = preSolution
		HideSolutionNode = FALSE
	EndGlobalSection
	GlobalSection(ExtensibilityGlobals) = postSolution
		SolutionGuid = {97BECBD8-9FFB-4820-9B15-00944B15D771}
	EndGlobalSection
EndGlobal
